
Microsoft Visual Studio Solution File, Format Version 12.00
# Visual Studio Version 17
VisualStudioVersion = 17.14.36401.2 d17.14
MinimumVisualStudioVersion = 10.0.40219.1
Project("{FAE04EC0-301F-11D3-BF4B-00C04F79EFBC}") = "LabyrinthGameCS", "LabyrinthGameCS\LabyrinthGameCS.csproj", "{C9F33B5E-C1DE-4EC1-B666-F7F91A31C813}"
EndProject
Global
	GlobalSection(SolutionConfigurationPlatforms) = preSolution
		Debug|Any CPU = Debug|Any CPU
		Release|Any CPU = Release|Any CPU
	EndGlobalSection
	GlobalSection(ProjectConfigurationPlatforms) = postSolution
		{C9F33B5E-C1DE-4EC1-B666-F7F91A31C813}.Debug|Any CPU.ActiveCfg = Debug|Any CPU
		{C9F33B5E-C1DE-4EC1-B666-F7F91A31C813}.Debug|Any CPU.Build.0 = Debug|Any CPU
		{C9F33B5E-C1DE-4EC1-B666-F7F91A31C813}.Release|Any CPU.ActiveCfg = Release|Any CPU
		{C9F33B5E-C1DE-4EC1-B666-F7F91A31C813}.Release|Any CPU.Build.0 = Release|Any CPU
	EndGlobalSection
	GlobalSection(SolutionProperties) = preSolution
		HideSolutionNode = FALSE
	EndGlobalSection
	GlobalSection(ExtensibilityGlobals) = postSolution
		SolutionGuid = {7C001990-AFF7-41B5-B459-8505708E7ED0}
	EndGlobalSection
EndGlobal
